
Microsoft Visual Studio Solution File, Format Version 12.00
# Visual Studio Version 17
VisualStudioVersion = 17.3.32922.545
MinimumVisualStudioVersion = 10.0.40219.1
Project("{FAE04EC0-301F-11D3-BF4B-00C04F79EFBC}") = "BluetoothButtonXF.UWP", "BluetoothButtonXF\BluetoothButtonXF.UWP\BluetoothButtonXF.UWP.csproj", "{54717591-7DD3-442D-AF38-132D53BF1E27}"
EndProject
Project("{FAE04EC0-301F-11D3-BF4B-00C04F79EFBC}") = "BluetoothButtonXF.Android", "BluetoothButtonXF\BluetoothButtonXF.Android\BluetoothButtonXF.Android.csproj", "{7153F694-4CAE-439D-9AA3-CFAE2F790555}"
EndProject
Project("{FAE04EC0-301F-11D3-BF4B-00C04F79EFBC}") = "BluetoothButtonXF.iOS", "BluetoothButtonXF\BluetoothButtonXF.iOS\BluetoothButtonXF.iOS.csproj", "{707175F7-3CDB-4200-A517-4ED738728C67}"
EndProject
Project("{FAE04EC0-301F-11D3-BF4B-00C04F79EFBC}") = "BluetoothButtonXF", "BluetoothButtonXF\BluetoothButtonXF\BluetoothButtonXF.csproj", "{25580F81-387B-44DA-8EC0-3F55FE9AD8F4}"
EndProject
Global
	GlobalSection(SolutionConfigurationPlatforms) = preSolution
		Debug|Any CPU = Debug|Any CPU
		Debug|ARM = Debug|ARM
		Debug|iPhone = Debug|iPhone
		Debug|iPhoneSimulator = Debug|iPhoneSimulator
		Debug|x64 = Debug|x64
		Debug|x86 = Debug|x86
		Release|Any CPU = Release|Any CPU
		Release|ARM = Release|ARM
		Release|iPhone = Release|iPhone
		Release|iPhoneSimulator = Release|iPhoneSimulator
		Release|x64 = Release|x64
		Release|x86 = Release|x86
	EndGlobalSection
	GlobalSection(ProjectConfigurationPlatforms) = postSolution
		{54717591-7DD3-442D-AF38-132D53BF1E27}.Debug|Any CPU.ActiveCfg = Debug|x64
		{54717591-7DD3-442D-AF38-132D53BF1E27}.Debug|Any CPU.Build.0 = Debug|x64
		{54717591-7DD3-442D-AF38-132D53BF1E27}.Debug|Any CPU.Deploy.0 = Debug|x64
		{54717591-7DD3-442D-AF38-132D53BF1E27}.Debug|ARM.ActiveCfg = Debug|ARM
		{54717591-7DD3-442D-AF38-132D53BF1E27}.Debug|ARM.Build.0 = Debug|ARM
		{54717591-7DD3-442D-AF38-132D53BF1E27}.Debug|ARM.Deploy.0 = Debug|ARM
		{54717591-7DD3-442D-AF38-132D53BF1E27}.Debug|iPhone.ActiveCfg = Debug|x64
		{54717591-7DD3-442D-AF38-132D53BF1E27}.Debug|iPhone.Build.0 = Debug|x64
		{54717591-7DD3-442D-AF38-132D53BF1E27}.Debug|iPhone.Deploy.0 = Debug|x64
		{54717591-7DD3-442D-AF38-132D53BF1E27}.Debug|iPhoneSimulator.ActiveCfg = Debug|x64
		{54717591-7DD3-442D-AF38-132D53BF1E27}.Debug|iPhoneSimulator.Build.0 = Debug|x64
		{54717591-7DD3-442D-AF38-132D53BF1E27}.Debug|iPhoneSimulator.Deploy.0 = Debug|x64
		{54717591-7DD3-442D-AF38-132D53BF1E27}.Debug|x64.ActiveCfg = Debug|x64
		{54717591-7DD3-442D-AF38-132D53BF1E27}.Debug|x64.Build.0 = Debug|x64
		{54717591-7DD3-442D-AF38-132D53BF1E27}.Debug|x64.Deploy.0 = Debug|x64
		{54717591-7DD3-442D-AF38-132D53BF1E27}.Debug|x86.ActiveCfg = Debug|x86
		{54717591-7DD3-442D-AF38-132D53BF1E27}.Debug|x86.Build.0 = Debug|x86
		{54717591-7DD3-442D-AF38-132D53BF1E27}.Debug|x86.Deploy.0 = Debug|x86
		{54717591-7DD3-442D-AF38-132D53BF1E27}.Release|Any CPU.ActiveCfg = Release|x64
		{54717591-7DD3-442D-AF38-132D53BF1E27}.Release|Any CPU.Build.0 = Release|x64
		{54717591-7DD3-442D-AF38-132D53BF1E27}.Release|Any CPU.Deploy.0 = Release|x64
		{54717591-7DD3-442D-AF38-132D53BF1E27}.Release|ARM.ActiveCfg = Release|ARM
		{54717591-7DD3-442D-AF38-132D53BF1E27}.Release|ARM.Build.0 = Release|ARM
		{54717591-7DD3-442D-AF38-132D53BF1E27}.Release|ARM.Deploy.0 = Release|ARM
		{54717591-7DD3-442D-AF38-132D53BF1E27}.Release|iPhone.ActiveCfg = Release|x64
		{54717591-7DD3-442D-AF38-132D53BF1E27}.Release|iPhone.Build.0 = Release|x64
		{54717591-7DD3-442D-AF38-132D53BF1E27}.Release|iPhone.Deploy.0 = Release|x64
		{54717591-7DD3-442D-AF38-132D53BF1E27}.Release|iPhoneSimulator.ActiveCfg = Release|x64
		{54717591-7DD3-442D-AF38-132D53BF1E27}.Release|iPhoneSimulator.Build.0 = Release|x64
		{54717591-7DD3-442D-AF38-132D53BF1E27}.Release|iPhoneSimulator.Deploy.0 = Release|x64
		{54717591-7DD3-442D-AF38-132D53BF1E27}.Release|x64.ActiveCfg = Release|x64
		{54717591-7DD3-442D-AF38-132D53BF1E27}.Release|x64.Build.0 = Release|x64
		{54717591-7DD3-442D-AF38-132D53BF1E27}.Release|x64.Deploy.0 = Release|x64
		{54717591-7DD3-442D-AF38-132D53BF1E27}.Release|x86.ActiveCfg = Release|x86
		{54717591-7DD3-442D-AF38-132D53BF1E27}.Release|x86.Build.0 = Release|x86
		{54717591-7DD3-442D-AF38-132D53BF1E27}.Release|x86.Deploy.0 = Release|x86
		{7153F694-4CAE-439D-9AA3-CFAE2F790555}.Debug|Any CPU.ActiveCfg = Debug|Any CPU
		{7153F694-4CAE-439D-9AA3-CFAE2F790555}.Debug|Any CPU.Build.0 = Debug|Any CPU
		{7153F694-4CAE-439D-9AA3-CFAE2F790555}.Debug|Any CPU.Deploy.0 = Debug|Any CPU
		{7153F694-4CAE-439D-9AA3-CFAE2F790555}.Debug|ARM.ActiveCfg = Debug|Any CPU
		{7153F694-4CAE-439D-9AA3-CFAE2F790555}.Debug|ARM.Build.0 = Debug|Any CPU
		{7153F694-4CAE-439D-9AA3-CFAE2F790555}.Debug|ARM.Deploy.0 = Debug|Any CPU
		{7153F694-4CAE-439D-9AA3-CFAE2F790555}.Debug|iPhone.ActiveCfg = Debug|Any CPU
		{7153F694-4CAE-439D-9AA3-CFAE2F790555}.Debug|iPhone.Build.0 = Debug|Any CPU
		{7153F694-4CAE-439D-9AA3-CFAE2F790555}.Debug|iPhone.Deploy.0 = Debug|Any CPU
		{7153F694-4CAE-439D-9AA3-CFAE2F790555}.Debug|iPhoneSimulator.ActiveCfg = Debug|Any CPU
		{7153F694-4CAE-439D-9AA3-CFAE2F790555}.Debug|iPhoneSimulator.Build.0 = Debug|Any CPU
		{7153F694-4CAE-439D-9AA3-CFAE2F790555}.Debug|iPhoneSimulator.Deploy.0 = Debug|Any CPU
		{7153F694-4CAE-439D-9AA3-CFAE2F790555}.Debug|x64.ActiveCfg = Debug|Any CPU
		{7153F694-4CAE-439D-9AA3-CFAE2F790555}.Debug|x64.Build.0 = Debug|Any CPU
		{7153F694-4CAE-439D-9AA3-CFAE2F790555}.Debug|x64.Deploy.0 = Debug|Any CPU
		{7153F694-4CAE-439D-9AA3-CFAE2F790555}.Debug|x86.ActiveCfg = Debug|Any CPU
		{7153F694-4CAE-439D-9AA3-CFAE2F790555}.Debug|x86.Build.0 = Debug|Any CPU
		{7153F694-4CAE-439D-9AA3-CFAE2F790555}.Debug|x86.Deploy.0 = Debug|Any CPU
		{7153F694-4CAE-439D-9AA3-CFAE2F790555}.Release|Any CPU.ActiveCfg = Release|Any CPU
		{7153F694-4CAE-439D-9AA3-CFAE2F790555}.Release|Any CPU.Build.0 = Release|Any CPU
		{7153F694-4CAE-439D-9AA3-CFAE2F790555}.Release|Any CPU.Deploy.0 = Release|Any CPU
		{7153F694-4CAE-439D-9AA3-CFAE2F790555}.Release|ARM.ActiveCfg = Release|Any CPU
		{7153F694-4CAE-439D-9AA3-CFAE2F790555}.Release|ARM.Build.0 = Release|Any CPU
		{7153F694-4CAE-439D-9AA3-CFAE2F790555}.Release|ARM.Deploy.0 = Release|Any CPU
		{7153F694-4CAE-439D-9AA3-CFAE2F790555}.Release|iPhone.ActiveCfg = Release|Any CPU
		{7153F694-4CAE-439D-9AA3-CFAE2F790555}.Release|iPhone.Build.0 = Release|Any CPU
		{7153F694-4CAE-439D-9AA3-CFAE2F790555}.Release|iPhone.Deploy.0 = Release|Any CPU
		{7153F694-4CAE-439D-9AA3-CFAE2F790555}.Release|iPhoneSimulator.ActiveCfg = Release|Any CPU
		{7153F694-4CAE-439D-9AA3-CFAE2F790555}.Release|iPhoneSimulator.Build.0 = Release|Any CPU
		{7153F694-4CAE-439D-9AA3-CFAE2F790555}.Release|iPhoneSimulator.Deploy.0 = Release|Any CPU
		{7153F694-4CAE-439D-9AA3-CFAE2F790555}.Release|x64.ActiveCfg = Release|Any CPU
		{7153F694-4CAE-439D-9AA3-CFAE2F790555}.Release|x64.Build.0 = Release|Any CPU
		{7153F694-4CAE-439D-9AA3-CFAE2F790555}.Release|x64.Deploy.0 = Release|Any CPU
		{7153F694-4CAE-439D-9AA3-CFAE2F790555}.Release|x86.ActiveCfg = Release|Any CPU
		{7153F694-4CAE-439D-9AA3-CFAE2F790555}.Release|x86.Build.0 = Release|Any CPU
		{7153F694-4CAE-439D-9AA3-CFAE2F790555}.Release|x86.Deploy.0 = Release|Any CPU
		{707175F7-3CDB-4200-A517-4ED738728C67}.Debug|Any CPU.ActiveCfg = Debug|iPhoneSimulator
		{707175F7-3CDB-4200-A517-4ED738728C67}.Debug|Any CPU.Build.0 = Debug|iPhoneSimulator
		{707175F7-3CDB-4200-A517-4ED738728C67}.Debug|Any CPU.Deploy.0 = Debug|iPhoneSimulator
		{707175F7-3CDB-4200-A517-4ED738728C67}.Debug|ARM.ActiveCfg = Debug|iPhoneSimulator
		{707175F7-3CDB-4200-A517-4ED738728C67}.Debug|ARM.Build.0 = Debug|iPhoneSimulator
		{707175F7-3CDB-4200-A517-4ED738728C67}.Debug|ARM.Deploy.0 = Debug|iPhoneSimulator
		{707175F7-3CDB-4200-A517-4ED738728C67}.Debug|iPhone.ActiveCfg = Debug|iPhone
		{707175F7-3CDB-4200-A517-4ED738728C67}.Debug|iPhone.Build.0 = Debug|iPhone
		{707175F7-3CDB-4200-A517-4ED738728C67}.Debug|iPhone.Deploy.0 = Debug|iPhone
		{707175F7-3CDB-4200-A517-4ED738728C67}.Debug|iPhoneSimulator.ActiveCfg = Debug|iPhoneSimulator
		{707175F7-3CDB-4200-A517-4ED738728C67}.Debug|iPhoneSimulator.Build.0 = Debug|iPhoneSimulator
		{707175F7-3CDB-4200-A517-4ED738728C67}.Debug|iPhoneSimulator.Deploy.0 = Debug|iPhoneSimulator
		{707175F7-3CDB-4200-A517-4ED738728C67}.Debug|x64.ActiveCfg = Debug|iPhone
		{707175F7-3CDB-4200-A517-4ED738728C67}.Debug|x64.Build.0 = Debug|iPhone
		{707175F7-3CDB-4200-A517-4ED738728C67}.Debug|x64.Deploy.0 = Debug|iPhone
		{707175F7-3CDB-4200-A517-4ED738728C67}.Debug|x86.ActiveCfg = Debug|iPhoneSimulator
		{707175F7-3CDB-4200-A517-4ED738728C67}.Debug|x86.Build.0 = Debug|iPhoneSimulator
		{707175F7-3CDB-4200-A517-4ED738728C67}.Debug|x86.Deploy.0 = Debug|iPhoneSimulator
		{707175F7-3CDB-4200-A517-4ED738728C67}.Release|Any CPU.ActiveCfg = Release|iPhoneSimulator
		{707175F7-3CDB-4200-A517-4ED738728C67}.Release|Any CPU.Build.0 = Release|iPhoneSimulator
		{707175F7-3CDB-4200-A517-4ED738728C67}.Release|Any CPU.Deploy.0 = Release|iPhoneSimulator
		{707175F7-3CDB-4200-A517-4ED738728C67}.Release|ARM.ActiveCfg = Release|iPhoneSimulator
		{707175F7-3CDB-4200-A517-4ED738728C67}.Release|ARM.Build.0 = Release|iPhoneSimulator
		{707175F7-3CDB-4200-A517-4ED738728C67}.Release|ARM.Deploy.0 = Release|iPhoneSimulator
		{707175F7-3CDB-4200-A517-4ED738728C67}.Release|iPhone.ActiveCfg = Release|iPhone
		{707175F7-3CDB-4200-A517-4ED738728C67}.Release|iPhone.Build.0 = Release|iPhone
		{707175F7-3CDB-4200-A517-4ED738728C67}.Release|iPhone.Deploy.0 = Release|iPhone
		{707175F7-3CDB-4200-A517-4ED738728C67}.Release|iPhoneSimulator.ActiveCfg = Release|iPhoneSimulator
		{707175F7-3CDB-4200-A517-4ED738728C67}.Release|iPhoneSimulator.Build.0 = Release|iPhoneSimulator
		{707175F7-3CDB-4200-A517-4ED738728C67}.Release|iPhoneSimulator.Deploy.0 = Release|iPhoneSimulator
		{707175F7-3CDB-4200-A517-4ED738728C67}.Release|x64.ActiveCfg = Release|iPhoneSimulator
		{707175F7-3CDB-4200-A517-4ED738728C67}.Release|x64.Build.0 = Release|iPhoneSimulator
		{707175F7-3CDB-4200-A517-4ED738728C67}.Release|x64.Deploy.0 = Release|iPhoneSimulator
		{707175F7-3CDB-4200-A517-4ED738728C67}.Release|x86.ActiveCfg = Release|iPhoneSimulator
		{707175F7-3CDB-4200-A517-4ED738728C67}.Release|x86.Build.0 = Release|iPhoneSimulator
		{707175F7-3CDB-4200-A517-4ED738728C67}.Release|x86.Deploy.0 = Release|iPhoneSimulator
		{25580F81-387B-44DA-8EC0-3F55FE9AD8F4}.Debug|Any CPU.ActiveCfg = Debug|Any CPU
		{25580F81-387B-44DA-8EC0-3F55FE9AD8F4}.Debug|Any CPU.Build.0 = Debug|Any CPU
		{25580F81-387B-44DA-8EC0-3F55FE9AD8F4}.Debug|Any CPU.Deploy.0 = Debug|Any CPU
		{25580F81-387B-44DA-8EC0-3F55FE9AD8F4}.Debug|ARM.ActiveCfg = Debug|Any CPU
		{25580F81-387B-44DA-8EC0-3F55FE9AD8F4}.Debug|ARM.Build.0 = Debug|Any CPU
		{25580F81-387B-44DA-8EC0-3F55FE9AD8F4}.Debug|ARM.Deploy.0 = Debug|Any CPU
		{25580F81-387B-44DA-8EC0-3F55FE9AD8F4}.Debug|iPhone.ActiveCfg = Debug|Any CPU
		{25580F81-387B-44DA-8EC0-3F55FE9AD8F4}.Debug|iPhone.Build.0 = Debug|Any CPU
		{25580F81-387B-44DA-8EC0-3F55FE9AD8F4}.Debug|iPhone.Deploy.0 = Debug|Any CPU
		{25580F81-387B-44DA-8EC0-3F55FE9AD8F4}.Debug|iPhoneSimulator.ActiveCfg = Debug|Any CPU
		{25580F81-387B-44DA-8EC0-3F55FE9AD8F4}.Debug|iPhoneSimulator.Build.0 = Debug|Any CPU
		{25580F81-387B-44DA-8EC0-3F55FE9AD8F4}.Debug|iPhoneSimulator.Deploy.0 = Debug|Any CPU
		{25580F81-387B-44DA-8EC0-3F55FE9AD8F4}.Debug|x64.ActiveCfg = Debug|Any CPU
		{25580F81-387B-44DA-8EC0-3F55FE9AD8F4}.Debug|x64.Build.0 = Debug|Any CPU
		{25580F81-387B-44DA-8EC0-3F55FE9AD8F4}.Debug|x64.Deploy.0 = Debug|Any CPU
		{25580F81-387B-44DA-8EC0-3F55FE9AD8F4}.Debug|x86.ActiveCfg = Debug|Any CPU
		{25580F81-387B-44DA-8EC0-3F55FE9AD8F4}.Debug|x86.Build.0 = Debug|Any CPU
		{25580F81-387B-44DA-8EC0-3F55FE9AD8F4}.Debug|x86.Deploy.0 = Debug|Any CPU
		{25580F81-387B-44DA-8EC0-3F55FE9AD8F4}.Release|Any CPU.ActiveCfg = Release|Any CPU
		{25580F81-387B-44DA-8EC0-3F55FE9AD8F4}.Release|Any CPU.Build.0 = Release|Any CPU
		{25580F81-387B-44DA-8EC0-3F55FE9AD8F4}.Release|Any CPU.Deploy.0 = Release|Any CPU
		{25580F81-387B-44DA-8EC0-3F55FE9AD8F4}.Release|ARM.ActiveCfg = Release|Any CPU
		{25580F81-387B-44DA-8EC0-3F55FE9AD8F4}.Release|ARM.Build.0 = Release|Any CPU
		{25580F81-387B-44DA-8EC0-3F55FE9AD8F4}.Release|ARM.Deploy.0 = Release|Any CPU
		{25580F81-387B-44DA-8EC0-3F55FE9AD8F4}.Release|iPhone.ActiveCfg = Release|Any CPU
		{25580F81-387B-44DA-8EC0-3F55FE9AD8F4}.Release|iPhone.Build.0 = Release|Any CPU
		{25580F81-387B-44DA-8EC0-3F55FE9AD8F4}.Release|iPhone.Deploy.0 = Release|Any CPU
		{25580F81-387B-44DA-8EC0-3F55FE9AD8F4}.Release|iPhoneSimulator.ActiveCfg = Release|Any CPU
		{25580F81-387B-44DA-8EC0-3F55FE9AD8F4}.Release|iPhoneSimulator.Build.0 = Release|Any CPU
		{25580F81-387B-44DA-8EC0-3F55FE9AD8F4}.Release|iPhoneSimulator.Deploy.0 = Release|Any CPU
		{25580F81-387B-44DA-8EC0-3F55FE9AD8F4}.Release|x64.ActiveCfg = Release|Any CPU
		{25580F81-387B-44DA-8EC0-3F55FE9AD8F4}.Release|x64.Build.0 = Release|Any CPU
		{25580F81-387B-44DA-8EC0-3F55FE9AD8F4}.Release|x64.Deploy.0 = Release|Any CPU
		{25580F81-387B-44DA-8EC0-3F55FE9AD8F4}.Release|x86.ActiveCfg = Release|Any CPU
		{25580F81-387B-44DA-8EC0-3F55FE9AD8F4}.Release|x86.Build.0 = Release|Any CPU
		{25580F81-387B-44DA-8EC0-3F55FE9AD8F4}.Release|x86.Deploy.0 = Release|Any CPU
	EndGlobalSection
	GlobalSection(SolutionProperties) = preSolution
		HideSolutionNode = FALSE
	EndGlobalSection
	GlobalSection(ExtensibilityGlobals) = postSolution
		SolutionGuid = {88F2F9D6-8395-4A53-98EC-18EA9BC13FCE}
	EndGlobalSection
EndGlobal
